
Microsoft Visual Studio Solution File, Format Version 12.00
# Visual Studio 15
VisualStudioVersion = 15.0.28307.106
MinimumVisualStudioVersion = 10.0.40219.1
Project("{888888A0-9F3D-457C-B088-3A5042F75D52}") = "LearningForPython_koans", "LearningForPython_koans.pyproj", "{8D81E93B-1763-49D2-9614-824F53318731}"
EndProject
Global
	GlobalSection(SolutionConfigurationPlatforms) = preSolution
		Debug|Any CPU = Debug|Any CPU
		Release|Any CPU = Release|Any CPU
	EndGlobalSection
	GlobalSection(ProjectConfigurationPlatforms) = postSolution
		{8D81E93B-1763-49D2-9614-824F53318731}.Debug|Any CPU.ActiveCfg = Debug|Any CPU
		{8D81E93B-1763-49D2-9614-824F53318731}.Release|Any CPU.ActiveCfg = Release|Any CPU
	EndGlobalSection
	GlobalSection(SolutionProperties) = preSolution
		HideSolutionNode = FALSE
	EndGlobalSection
	GlobalSection(ExtensibilityGlobals) = postSolution
		SolutionGuid = {96F2D6F4-ED3B-4A65-86FC-930D6F82667A}
	EndGlobalSection
EndGlobal
